// !$*UTF8*$!
{
	archiveVersion = 1;
	classes = {
	};
	objectVersion = 52;
	objects = {

/* Begin PBXBuildFile section */
		927CEFA027ACC10300B6493D /* TodayViewController.swift in Sources */ = {isa = PBXBuildFile; fileRef = 927CEF9F27ACC10300B6493D /* TodayViewController.swift */; };
		927CEFA427ACC23500B6493D /* TodayCollectionHeaderView.swift in Sources */ = {isa = PBXBuildFile; fileRef = 927CEFA327ACC23500B6493D /* TodayCollectionHeaderView.swift */; };
		927CEFA627ACC25300B6493D /* TodayCollectionViewCell.swift in Sources */ = {isa = PBXBuildFile; fileRef = 927CEFA527ACC25300B6493D /* TodayCollectionViewCell.swift */; };
		927CEFA927ACDCB800B6493D /* Today.swift in Sources */ = {isa = PBXBuildFile; fileRef = 927CEFA827ACDCB800B6493D /* Today.swift */; };
		927CEFAE27ACDD4100B6493D /* RankingFeature.plist in Resources */ = {isa = PBXBuildFile; fileRef = 927CEFAB27ACDD4100B6493D /* RankingFeature.plist */; };
		927CEFAF27ACDD4100B6493D /* Today.plist in Resources */ = {isa = PBXBuildFile; fileRef = 927CEFAC27ACDD4100B6493D /* Today.plist */; };
		927CEFB027ACDD4100B6493D /* Feature.plist in Resources */ = {isa = PBXBuildFile; fileRef = 927CEFAD27ACDD4100B6493D /* Feature.plist */; };
		927CEFB327AD19E300B6493D /* Feature.swift in Sources */ = {isa = PBXBuildFile; fileRef = 927CEFB227AD19E300B6493D /* Feature.swift */; };
		927CEFB527AD1BC400B6493D /* RankingFeature.swift in Sources */ = {isa = PBXBuildFile; fileRef = 927CEFB427AD1BC400B6493D /* RankingFeature.swift */; };
		927CEFB827AD1DBC00B6493D /* AppViewController.swift in Sources */ = {isa = PBXBuildFile; fileRef = 927CEFB727AD1DBC00B6493D /* AppViewController.swift */; };
		927CEFBA27B0A3DB00B6493D /* FeatureSectionView.swift in Sources */ = {isa = PBXBuildFile; fileRef = 927CEFB927B0A3DB00B6493D /* FeatureSectionView.swift */; };
		927CEFBC27B0A45D00B6493D /* FeatureSectionCollectionViewCell.swift in Sources */ = {isa = PBXBuildFile; fileRef = 927CEFBB27B0A45D00B6493D /* FeatureSectionCollectionViewCell.swift */; };
		927CEFC027B0B23500B6493D /* SeparatorView.swift in Sources */ = {isa = PBXBuildFile; fileRef = 927CEFBF27B0B23500B6493D /* SeparatorView.swift */; };
		927CEFC227B0B6B100B6493D /* RankingFeatureSection.swift in Sources */ = {isa = PBXBuildFile; fileRef = 927CEFC127B0B6B100B6493D /* RankingFeatureSection.swift */; };
		927CEFC427B0B6EA00B6493D /* RankingFeatureCollectionViewCell.swift in Sources */ = {isa = PBXBuildFile; fileRef = 927CEFC327B0B6EA00B6493D /* RankingFeatureCollectionViewCell.swift */; };
		927CEFC627B0DA9100B6493D /* ExchangeCodeButtonView.swift in Sources */ = {isa = PBXBuildFile; fileRef = 927CEFC527B0DA9100B6493D /* ExchangeCodeButtonView.swift */; };
		927CEFC827B0E1A700B6493D /* AppDetailViewController.swift in Sources */ = {isa = PBXBuildFile; fileRef = 927CEFC727B0E1A700B6493D /* AppDetailViewController.swift */; };
		929269F627ACAC990027562D /* AppDelegate.swift in Sources */ = {isa = PBXBuildFile; fileRef = 929269F527ACAC990027562D /* AppDelegate.swift */; };
		929269F827ACAC990027562D /* SceneDelegate.swift in Sources */ = {isa = PBXBuildFile; fileRef = 929269F727ACAC990027562D /* SceneDelegate.swift */; };
		929269FA27ACAC990027562D /* TabBarController.swift in Sources */ = {isa = PBXBuildFile; fileRef = 929269F927ACAC990027562D /* TabBarController.swift */; };
		929269FF27ACACA80027562D /* Assets.xcassets in Resources */ = {isa = PBXBuildFile; fileRef = 929269FE27ACACA80027562D /* Assets.xcassets */; };
		92926A0227ACACA80027562D /* LaunchScreen.storyboard in Resources */ = {isa = PBXBuildFile; fileRef = 92926A0027ACACA80027562D /* LaunchScreen.storyboard */; };
		92926A0B27ACAD0E0027562D /* SnapKit in Frameworks */ = {isa = PBXBuildFile; productRef = 92926A0A27ACAD0E0027562D /* SnapKit */; };
		92926A0E27ACAD960027562D /* Kingfisher in Frameworks */ = {isa = PBXBuildFile; productRef = 92926A0D27ACAD960027562D /* Kingfisher */; };
/* End PBXBuildFile section */

/* Begin PBXFileReference section */
		927CEF9F27ACC10300B6493D /* TodayViewController.swift */ = {isa = PBXFileReference; lastKnownFileType = sourcecode.swift; path = TodayViewController.swift; sourceTree = "<group>"; };
		927CEFA327ACC23500B6493D /* TodayCollectionHeaderView.swift */ = {isa = PBXFileReference; lastKnownFileType = sourcecode.swift; path = TodayCollectionHeaderView.swift; sourceTree = "<group>"; };
		927CEFA527ACC25300B6493D /* TodayCollectionViewCell.swift */ = {isa = PBXFileReference; lastKnownFileType = sourcecode.swift; path = TodayCollectionViewCell.swift; sourceTree = "<group>"; };
		927CEFA827ACDCB800B6493D /* Today.swift */ = {isa = PBXFileReference; lastKnownFileType = sourcecode.swift; path = Today.swift; sourceTree = "<group>"; };
		927CEFAB27ACDD4100B6493D /* RankingFeature.plist */ = {isa = PBXFileReference; fileEncoding = 4; lastKnownFileType = text.plist.xml; path = RankingFeature.plist; sourceTree = "<group>"; };
		927CEFAC27ACDD4100B6493D /* Today.plist */ = {isa = PBXFileReference; fileEncoding = 4; lastKnownFileType = text.plist.xml; path = Today.plist; sourceTree = "<group>"; };
		927CEFAD27ACDD4100B6493D /* Feature.plist */ = {isa = PBXFileReference; fileEncoding = 4; lastKnownFileType = text.plist.xml; path = Feature.plist; sourceTree = "<group>"; };
		927CEFB127AD0EC200B6493D /* README.md */ = {isa = PBXFileReference; lastKnownFileType = net.daringfireball.markdown; path = README.md; sourceTree = "<group>"; };
		927CEFB227AD19E300B6493D /* Feature.swift */ = {isa = PBXFileReference; lastKnownFileType = sourcecode.swift; path = Feature.swift; sourceTree = "<group>"; };
		927CEFB427AD1BC400B6493D /* RankingFeature.swift */ = {isa = PBXFileReference; lastKnownFileType = sourcecode.swift; path = RankingFeature.swift; sourceTree = "<group>"; };
		927CEFB727AD1DBC00B6493D /* AppViewController.swift */ = {isa = PBXFileReference; lastKnownFileType = sourcecode.swift; path = AppViewController.swift; sourceTree = "<group>"; };
		927CEFB927B0A3DB00B6493D /* FeatureSectionView.swift */ = {isa = PBXFileReference; lastKnownFileType = sourcecode.swift; path = FeatureSectionView.swift; sourceTree = "<group>"; };
		927CEFBB27B0A45D00B6493D /* FeatureSectionCollectionViewCell.swift */ = {isa = PBXFileReference; lastKnownFileType = sourcecode.swift; path = FeatureSectionCollectionViewCell.swift; sourceTree = "<group>"; };
		927CEFBF27B0B23500B6493D /* SeparatorView.swift */ = {isa = PBXFileReference; lastKnownFileType = sourcecode.swift; path = SeparatorView.swift; sourceTree = "<group>"; };
		927CEFC127B0B6B100B6493D /* RankingFeatureSection.swift */ = {isa = PBXFileReference; lastKnownFileType = sourcecode.swift; path = RankingFeatureSection.swift; sourceTree = "<group>"; };
		927CEFC327B0B6EA00B6493D /* RankingFeatureCollectionViewCell.swift */ = {isa = PBXFileReference; lastKnownFileType = sourcecode.swift; path = RankingFeatureCollectionViewCell.swift; sourceTree = "<group>"; };
		927CEFC527B0DA9100B6493D /* ExchangeCodeButtonView.swift */ = {isa = PBXFileReference; lastKnownFileType = sourcecode.swift; path = ExchangeCodeButtonView.swift; sourceTree = "<group>"; };
		927CEFC727B0E1A700B6493D /* AppDetailViewController.swift */ = {isa = PBXFileReference; lastKnownFileType = sourcecode.swift; path = AppDetailViewController.swift; sourceTree = "<group>"; };
		929269F227ACAC990027562D /* AppStoreMock.app */ = {isa = PBXFileReference; explicitFileType = wrapper.application; includeInIndex = 0; path = AppStoreMock.app; sourceTree = BUILT_PRODUCTS_DIR; };
		929269F527ACAC990027562D /* AppDelegate.swift */ = {isa = PBXFileReference; lastKnownFileType = sourcecode.swift; path = AppDelegate.swift; sourceTree = "<group>"; };
		929269F727ACAC990027562D /* SceneDelegate.swift */ = {isa = PBXFileReference; lastKnownFileType = sourcecode.swift; path = SceneDelegate.swift; sourceTree = "<group>"; };
		929269F927ACAC990027562D /* TabBarController.swift */ = {isa = PBXFileReference; lastKnownFileType = sourcecode.swift; path = TabBarController.swift; sourceTree = "<group>"; };
		929269FE27ACACA80027562D /* Assets.xcassets */ = {isa = PBXFileReference; lastKnownFileType = folder.assetcatalog; path = Assets.xcassets; sourceTree = "<group>"; };
		92926A0127ACACA80027562D /* Base */ = {isa = PBXFileReference; lastKnownFileType = file.storyboard; name = Base; path = Base.lproj/LaunchScreen.storyboard; sourceTree = "<group>"; };
		92926A0327ACACA80027562D /* Info.plist */ = {isa = PBXFileReference; lastKnownFileType = text.plist.xml; path = Info.plist; sourceTree = "<group>"; };
/* End PBXFileReference section */

/* Begin PBXFrameworksBuildPhase section */
		929269EF27ACAC990027562D /* Frameworks */ = {
			isa = PBXFrameworksBuildPhase;
			buildActionMask = 2147483647;
			files = (
				92926A0E27ACAD960027562D /* Kingfisher in Frameworks */,
				92926A0B27ACAD0E0027562D /* SnapKit in Frameworks */,
			);
			runOnlyForDeploymentPostprocessing = 0;
		};
/* End PBXFrameworksBuildPhase section */

/* Begin PBXGroup section */
		927CEF9D27ACC0DA00B6493D /* Scenes */ = {
			isa = PBXGroup;
			children = (
				929269F927ACAC990027562D /* TabBarController.swift */,
				927CEFC727B0E1A700B6493D /* AppDetailViewController.swift */,
				927CEFB627AD1D9700B6493D /* App */,
				927CEF9E27ACC0EA00B6493D /* Today */,
			);
			path = Scenes;
			sourceTree = "<group>";
		};
		927CEF9E27ACC0EA00B6493D /* Today */ = {
			isa = PBXGroup;
			children = (
				927CEF9F27ACC10300B6493D /* TodayViewController.swift */,
				927CEFA327ACC23500B6493D /* TodayCollectionHeaderView.swift */,
				927CEFA527ACC25300B6493D /* TodayCollectionViewCell.swift */,
			);
			path = Today;
			sourceTree = "<group>";
		};
		927CEFA727ACDCA700B6493D /* Entity */ = {
			isa = PBXGroup;
			children = (
				927CEFA827ACDCB800B6493D /* Today.swift */,
				927CEFB227AD19E300B6493D /* Feature.swift */,
				927CEFB427AD1BC400B6493D /* RankingFeature.swift */,
			);
			path = Entity;
			sourceTree = "<group>";
		};
		927CEFAA27ACDD2500B6493D /* Data */ = {
			isa = PBXGroup;
			children = (
				927CEFAD27ACDD4100B6493D /* Feature.plist */,
				927CEFAB27ACDD4100B6493D /* RankingFeature.plist */,
				927CEFAC27ACDD4100B6493D /* Today.plist */,
			);
			path = Data;
			sourceTree = "<group>";
		};
		927CEFB627AD1D9700B6493D /* App */ = {
			isa = PBXGroup;
			children = (
				927CEFB727AD1DBC00B6493D /* AppViewController.swift */,
				927CEFC527B0DA9100B6493D /* ExchangeCodeButtonView.swift */,
				927CEFB927B0A3DB00B6493D /* FeatureSectionView.swift */,
				927CEFC127B0B6B100B6493D /* RankingFeatureSection.swift */,
				927CEFC327B0B6EA00B6493D /* RankingFeatureCollectionViewCell.swift */,
				927CEFBF27B0B23500B6493D /* SeparatorView.swift */,
				927CEFBB27B0A45D00B6493D /* FeatureSectionCollectionViewCell.swift */,
			);
			path = App;
			sourceTree = "<group>";
		};
		929269E927ACAC980027562D = {
			isa = PBXGroup;
			children = (
				929269F527ACAC990027562D /* AppDelegate.swift */,
				929269F727ACAC990027562D /* SceneDelegate.swift */,
				927CEFB127AD0EC200B6493D /* README.md */,
				929269F427ACAC990027562D /* AppStoreMock */,
				929269F327ACAC990027562D /* Products */,
			);
			sourceTree = "<group>";
		};
		929269F327ACAC990027562D /* Products */ = {
			isa = PBXGroup;
			children = (
				929269F227ACAC990027562D /* AppStoreMock.app */,
			);
			name = Products;
			sourceTree = "<group>";
		};
		929269F427ACAC990027562D /* AppStoreMock */ = {
			isa = PBXGroup;
			children = (
				927CEFAA27ACDD2500B6493D /* Data */,
				927CEFA727ACDCA700B6493D /* Entity */,
				927CEF9D27ACC0DA00B6493D /* Scenes */,
				929269FE27ACACA80027562D /* Assets.xcassets */,
				92926A0027ACACA80027562D /* LaunchScreen.storyboard */,
				92926A0327ACACA80027562D /* Info.plist */,
			);
			path = AppStoreMock;
			sourceTree = "<group>";
		};
/* End PBXGroup section */

/* Begin PBXNativeTarget section */
		929269F127ACAC990027562D /* AppStoreMock */ = {
			isa = PBXNativeTarget;
			buildConfigurationList = 92926A0627ACACA80027562D /* Build configuration list for PBXNativeTarget "AppStoreMock" */;
			buildPhases = (
				929269EE27ACAC990027562D /* Sources */,
				929269EF27ACAC990027562D /* Frameworks */,
				929269F027ACAC990027562D /* Resources */,
			);
			buildRules = (
			);
			dependencies = (
			);
			name = AppStoreMock;
			packageProductDependencies = (
				92926A0A27ACAD0E0027562D /* SnapKit */,
				92926A0D27ACAD960027562D /* Kingfisher */,
			);
			productName = AppStoreMock;
			productReference = 929269F227ACAC990027562D /* AppStoreMock.app */;
			productType = "com.apple.product-type.application";
		};
/* End PBXNativeTarget section */

/* Begin PBXProject section */
		929269EA27ACAC980027562D /* Project object */ = {
			isa = PBXProject;
			attributes = {
				LastSwiftUpdateCheck = 1250;
				LastUpgradeCheck = 1250;
				TargetAttributes = {
					929269F127ACAC990027562D = {
						CreatedOnToolsVersion = 12.5.1;
					};
				};
			};
			buildConfigurationList = 929269ED27ACAC990027562D /* Build configuration list for PBXProject "AppStoreMock" */;
			compatibilityVersion = "Xcode 9.3";
			developmentRegion = en;
			hasScannedForEncodings = 0;
			knownRegions = (
				en,
				Base,
			);
			mainGroup = 929269E927ACAC980027562D;
			packageReferences = (
				92926A0927ACAD0E0027562D /* XCRemoteSwiftPackageReference "SnapKit" */,
				92926A0C27ACAD960027562D /* XCRemoteSwiftPackageReference "Kingfisher" */,
			);
			productRefGroup = 929269F327ACAC990027562D /* Products */;
			projectDirPath = "";
			projectRoot = "";
			targets = (
				929269F127ACAC990027562D /* AppStoreMock */,
			);
		};
/* End PBXProject section */

/* Begin PBXResourcesBuildPhase section */
		929269F027ACAC990027562D /* Resources */ = {
			isa = PBXResourcesBuildPhase;
			buildActionMask = 2147483647;
			files = (
				927CEFAE27ACDD4100B6493D /* RankingFeature.plist in Resources */,
				927CEFAF27ACDD4100B6493D /* Today.plist in Resources */,
				927CEFB027ACDD4100B6493D /* Feature.plist in Resources */,
				92926A0227ACACA80027562D /* LaunchScreen.storyboard in Resources */,
				929269FF27ACACA80027562D /* Assets.xcassets in Resources */,
			);
			runOnlyForDeploymentPostprocessing = 0;
		};
/* End PBXResourcesBuildPhase section */

/* Begin PBXSourcesBuildPhase section */
		929269EE27ACAC990027562D /* Sources */ = {
			isa = PBXSourcesBuildPhase;
			buildActionMask = 2147483647;
			files = (
				927CEFC027B0B23500B6493D /* SeparatorView.swift in Sources */,
				927CEFB827AD1DBC00B6493D /* AppViewController.swift in Sources */,
				927CEFA627ACC25300B6493D /* TodayCollectionViewCell.swift in Sources */,
				927CEFA027ACC10300B6493D /* TodayViewController.swift in Sources */,
				927CEFC427B0B6EA00B6493D /* RankingFeatureCollectionViewCell.swift in Sources */,
				927CEFA427ACC23500B6493D /* TodayCollectionHeaderView.swift in Sources */,
				929269FA27ACAC990027562D /* TabBarController.swift in Sources */,
				927CEFBC27B0A45D00B6493D /* FeatureSectionCollectionViewCell.swift in Sources */,
				927CEFBA27B0A3DB00B6493D /* FeatureSectionView.swift in Sources */,
				927CEFB527AD1BC400B6493D /* RankingFeature.swift in Sources */,
				927CEFC227B0B6B100B6493D /* RankingFeatureSection.swift in Sources */,
				927CEFB327AD19E300B6493D /* Feature.swift in Sources */,
				927CEFC627B0DA9100B6493D /* ExchangeCodeButtonView.swift in Sources */,
				927CEFC827B0E1A700B6493D /* AppDetailViewController.swift in Sources */,
				929269F627ACAC990027562D /* AppDelegate.swift in Sources */,
				927CEFA927ACDCB800B6493D /* Today.swift in Sources */,
				929269F827ACAC990027562D /* SceneDelegate.swift in Sources */,
			);
			runOnlyForDeploymentPostprocessing = 0;
		};
/* End PBXSourcesBuildPhase section */

/* Begin PBXVariantGroup section */
		92926A0027ACACA80027562D /* LaunchScreen.storyboard */ = {
			isa = PBXVariantGroup;
			children = (
				92926A0127ACACA80027562D /* Base */,
			);
			name = LaunchScreen.storyboard;
			sourceTree = "<group>";
		};
/* End PBXVariantGroup section */

/* Begin XCBuildConfiguration section */
		92926A0427ACACA80027562D /* Debug */ = {
			isa = XCBuildConfiguration;
			buildSettings = {
				ALWAYS_SEARCH_USER_PATHS = NO;
				CLANG_ANALYZER_NONNULL = YES;
				CLANG_ANALYZER_NUMBER_OBJECT_CONVERSION = YES_AGGRESSIVE;
				CLANG_CXX_LANGUAGE_STANDARD = "gnu++14";
				CLANG_CXX_LIBRARY = "libc++";
				CLANG_ENABLE_MODULES = YES;
				CLANG_ENABLE_OBJC_ARC = YES;
				CLANG_ENABLE_OBJC_WEAK = YES;
				CLANG_WARN_BLOCK_CAPTURE_AUTORELEASING = YES;
				CLANG_WARN_BOOL_CONVERSION = YES;
				CLANG_WARN_COMMA = YES;
				CLANG_WARN_CONSTANT_CONVERSION = YES;
				CLANG_WARN_DEPRECATED_OBJC_IMPLEMENTATIONS = YES;
				CLANG_WARN_DIRECT_OBJC_ISA_USAGE = YES_ERROR;
				CLANG_WARN_DOCUMENTATION_COMMENTS = YES;
				CLANG_WARN_EMPTY_BODY = YES;
				CLANG_WARN_ENUM_CONVERSION = YES;
				CLANG_WARN_INFINITE_RECURSION = YES;
				CLANG_WARN_INT_CONVERSION = YES;
				CLANG_WARN_NON_LITERAL_NULL_CONVERSION = YES;
				CLANG_WARN_OBJC_IMPLICIT_RETAIN_SELF = YES;
				CLANG_WARN_OBJC_LITERAL_CONVERSION = YES;
				CLANG_WARN_OBJC_ROOT_CLASS = YES_ERROR;
				CLANG_WARN_QUOTED_INCLUDE_IN_FRAMEWORK_HEADER = YES;
				CLANG_WARN_RANGE_LOOP_ANALYSIS = YES;
				CLANG_WARN_STRICT_PROTOTYPES = YES;
				CLANG_WARN_SUSPICIOUS_MOVE = YES;
				CLANG_WARN_UNGUARDED_AVAILABILITY = YES_AGGRESSIVE;
				CLANG_WARN_UNREACHABLE_CODE = YES;
				CLANG_WARN__DUPLICATE_METHOD_MATCH = YES;
				COPY_PHASE_STRIP = NO;
				DEBUG_INFORMATION_FORMAT = dwarf;
				ENABLE_STRICT_OBJC_MSGSEND = YES;
				ENABLE_TESTABILITY = YES;
				GCC_C_LANGUAGE_STANDARD = gnu11;
				GCC_DYNAMIC_NO_PIC = NO;
				GCC_NO_COMMON_BLOCKS = YES;
				GCC_OPTIMIZATION_LEVEL = 0;
				GCC_PREPROCESSOR_DEFINITIONS = (
					"DEBUG=1",
					"$(inherited)",
				);
				GCC_WARN_64_TO_32_BIT_CONVERSION = YES;
				GCC_WARN_ABOUT_RETURN_TYPE = YES_ERROR;
				GCC_WARN_UNDECLARED_SELECTOR = YES;
				GCC_WARN_UNINITIALIZED_AUTOS = YES_AGGRESSIVE;
				GCC_WARN_UNUSED_FUNCTION = YES;
				GCC_WARN_UNUSED_VARIABLE = YES;
				IPHONEOS_DEPLOYMENT_TARGET = 14.5;
				MTL_ENABLE_DEBUG_INFO = INCLUDE_SOURCE;
				MTL_FAST_MATH = YES;
				ONLY_ACTIVE_ARCH = YES;
				SDKROOT = iphoneos;
				SWIFT_ACTIVE_COMPILATION_CONDITIONS = DEBUG;
				SWIFT_OPTIMIZATION_LEVEL = "-Onone";
			};
			name = Debug;
		};
		92926A0527ACACA80027562D /* Release */ = {
			isa = XCBuildConfiguration;
			buildSettings = {
				ALWAYS_SEARCH_USER_PATHS = NO;
				CLANG_ANALYZER_NONNULL = YES;
				CLANG_ANALYZER_NUMBER_OBJECT_CONVERSION = YES_AGGRESSIVE;
				CLANG_CXX_LANGUAGE_STANDARD = "gnu++14";
				CLANG_CXX_LIBRARY = "libc++";
				CLANG_ENABLE_MODULES = YES;
				CLANG_ENABLE_OBJC_ARC = YES;
				CLANG_ENABLE_OBJC_WEAK = YES;
				CLANG_WARN_BLOCK_CAPTURE_AUTORELEASING = YES;
				CLANG_WARN_BOOL_CONVERSION = YES;
				CLANG_WARN_COMMA = YES;
				CLANG_WARN_CONSTANT_CONVERSION = YES;
				CLANG_WARN_DEPRECATED_OBJC_IMPLEMENTATIONS = YES;
				CLANG_WARN_DIRECT_OBJC_ISA_USAGE = YES_ERROR;
				CLANG_WARN_DOCUMENTATION_COMMENTS = YES;
				CLANG_WARN_EMPTY_BODY = YES;
				CLANG_WARN_ENUM_CONVERSION = YES;
				CLANG_WARN_INFINITE_RECURSION = YES;
				CLANG_WARN_INT_CONVERSION = YES;
				CLANG_WARN_NON_LITERAL_NULL_CONVERSION = YES;
				CLANG_WARN_OBJC_IMPLICIT_RETAIN_SELF = YES;
				CLANG_WARN_OBJC_LITERAL_CONVERSION = YES;
				CLANG_WARN_OBJC_ROOT_CLASS = YES_ERROR;
				CLANG_WARN_QUOTED_INCLUDE_IN_FRAMEWORK_HEADER = YES;
				CLANG_WARN_RANGE_LOOP_ANALYSIS = YES;
				CLANG_WARN_STRICT_PROTOTYPES = YES;
				CLANG_WARN_SUSPICIOUS_MOVE = YES;
				CLANG_WARN_UNGUARDED_AVAILABILITY = YES_AGGRESSIVE;
				CLANG_WARN_UNREACHABLE_CODE = YES;
				CLANG_WARN__DUPLICATE_METHOD_MATCH = YES;
				COPY_PHASE_STRIP = NO;
				DEBUG_INFORMATION_FORMAT = "dwarf-with-dsym";
				ENABLE_NS_ASSERTIONS = NO;
				ENABLE_STRICT_OBJC_MSGSEND = YES;
				GCC_C_LANGUAGE_STANDARD = gnu11;
				GCC_NO_COMMON_BLOCKS = YES;
				GCC_WARN_64_TO_32_BIT_CONVERSION = YES;
				GCC_WARN_ABOUT_RETURN_TYPE = YES_ERROR;
				GCC_WARN_UNDECLARED_SELECTOR = YES;
				GCC_WARN_UNINITIALIZED_AUTOS = YES_AGGRESSIVE;
				GCC_WARN_UNUSED_FUNCTION = YES;
				GCC_WARN_UNUSED_VARIABLE = YES;
				IPHONEOS_DEPLOYMENT_TARGET = 14.5;
				MTL_ENABLE_DEBUG_INFO = NO;
				MTL_FAST_MATH = YES;
				SDKROOT = iphoneos;
				SWIFT_COMPILATION_MODE = wholemodule;
				SWIFT_OPTIMIZATION_LEVEL = "-O";
				VALIDATE_PRODUCT = YES;
			};
			name = Release;
		};
		92926A0727ACACA80027562D /* Debug */ = {
			isa = XCBuildConfiguration;
			buildSettings = {
				ASSETCATALOG_COMPILER_APPICON_NAME = AppIcon;
				ASSETCATALOG_COMPILER_GLOBAL_ACCENT_COLOR_NAME = AccentColor;
				CODE_SIGN_STYLE = Automatic;
				DEVELOPMENT_TEAM = XJA7283JV3;
				INFOPLIST_FILE = AppStoreMock/Info.plist;
				LD_RUNPATH_SEARCH_PATHS = (
					"$(inherited)",
					"@executable_path/Frameworks",
				);
				PRODUCT_BUNDLE_IDENTIFIER = com.fastcampus.AppStoreMock;
				PRODUCT_NAME = "$(TARGET_NAME)";
				SWIFT_VERSION = 5.0;
				TARGETED_DEVICE_FAMILY = "1,2";
			};
			name = Debug;
		};
		92926A0827ACACA80027562D /* Release */ = {
			isa = XCBuildConfiguration;
			buildSettings = {
				ASSETCATALOG_COMPILER_APPICON_NAME = AppIcon;
				ASSETCATALOG_COMPILER_GLOBAL_ACCENT_COLOR_NAME = AccentColor;
				CODE_SIGN_STYLE = Automatic;
				DEVELOPMENT_TEAM = XJA7283JV3;
				INFOPLIST_FILE = AppStoreMock/Info.plist;
				LD_RUNPATH_SEARCH_PATHS = (
					"$(inherited)",
					"@executable_path/Frameworks",
				);
				PRODUCT_BUNDLE_IDENTIFIER = com.fastcampus.AppStoreMock;
				PRODUCT_NAME = "$(TARGET_NAME)";
				SWIFT_VERSION = 5.0;
				TARGETED_DEVICE_FAMILY = "1,2";
			};
			name = Release;
		};
/* End XCBuildConfiguration section */

/* Begin XCConfigurationList section */
		929269ED27ACAC990027562D /* Build configuration list for PBXProject "AppStoreMock" */ = {
			isa = XCConfigurationList;
			buildConfigurations = (
				92926A0427ACACA80027562D /* Debug */,
				92926A0527ACACA80027562D /* Release */,
			);
			defaultConfigurationIsVisible = 0;
			defaultConfigurationName = Release;
		};
		92926A0627ACACA80027562D /* Build configuration list for PBXNativeTarget "AppStoreMock" */ = {
			isa = XCConfigurationList;
			buildConfigurations = (
				92926A0727ACACA80027562D /* Debug */,
				92926A0827ACACA80027562D /* Release */,
			);
			defaultConfigurationIsVisible = 0;
			defaultConfigurationName = Release;
		};
/* End XCConfigurationList section */

/* Begin XCRemoteSwiftPackageReference section */
		92926A0927ACAD0E0027562D /* XCRemoteSwiftPackageReference "SnapKit" */ = {
			isa = XCRemoteSwiftPackageReference;
			repositoryURL = "https://github.com/SnapKit/SnapKit.git";
			requirement = {
				kind = upToNextMajorVersion;
				minimumVersion = 5.0.1;
			};
		};
		92926A0C27ACAD960027562D /* XCRemoteSwiftPackageReference "Kingfisher" */ = {
			isa = XCRemoteSwiftPackageReference;
			repositoryURL = "https://github.com/onevcat/Kingfisher.git";
			requirement = {
				kind = upToNextMajorVersion;
				minimumVersion = 7.1.2;
			};
		};
/* End XCRemoteSwiftPackageReference section */

/* Begin XCSwiftPackageProductDependency section */
		92926A0A27ACAD0E0027562D /* SnapKit */ = {
			isa = XCSwiftPackageProductDependency;
			package = 92926A0927ACAD0E0027562D /* XCRemoteSwiftPackageReference "SnapKit" */;
			productName = SnapKit;
		};
		92926A0D27ACAD960027562D /* Kingfisher */ = {
			isa = XCSwiftPackageProductDependency;
			package = 92926A0C27ACAD960027562D /* XCRemoteSwiftPackageReference "Kingfisher" */;
			productName = Kingfisher;
		};
/* End XCSwiftPackageProductDependency section */
	};
	rootObject = 929269EA27ACAC980027562D /* Project object */;
}
